
Microsoft Visual Studio Solution File, Format Version 12.00
# Visual Studio Express 15 for Windows Desktop
VisualStudioVersion = 15.0.34729.27
MinimumVisualStudioVersion = 10.0.40219.1
Project("{FAE04EC0-301F-11D3-BF4B-00C04F79EFBC}") = "TextReplaceCopy", "TextReplaceCopy.csproj", "{E550C405-31CB-45CD-8FD5-A84821A2F3BE}"
EndProject
Global
	GlobalSection(SolutionConfigurationPlatforms) = preSolution
		Debug|Any CPU = Debug|Any CPU
		Release|Any CPU = Release|Any CPU
	EndGlobalSection
	GlobalSection(ProjectConfigurationPlatforms) = postSolution
		{E550C405-31CB-45CD-8FD5-A84821A2F3BE}.Debug|Any CPU.ActiveCfg = Debug|Any CPU
		{E550C405-31CB-45CD-8FD5-A84821A2F3BE}.Debug|Any CPU.Build.0 = Debug|Any CPU
		{E550C405-31CB-45CD-8FD5-A84821A2F3BE}.Release|Any CPU.ActiveCfg = Release|Any CPU
		{E550C405-31CB-45CD-8FD5-A84821A2F3BE}.Release|Any CPU.Build.0 = Release|Any CPU
	EndGlobalSection
	GlobalSection(SolutionProperties) = preSolution
		HideSolutionNode = FALSE
	EndGlobalSection
	GlobalSection(ExtensibilityGlobals) = postSolution
		SolutionGuid = {A537D9CB-E90A-4971-B073-73C1C01525F7}
	EndGlobalSection
EndGlobal
